
Microsoft Visual Studio Solution File, Format Version 12.00
# Visual Studio Version 17
VisualStudioVersion = 17.5.33530.505
MinimumVisualStudioVersion = 10.0.40219.1
Project("{FAE04EC0-301F-11D3-BF4B-00C04F79EFBC}") = "DesignPatternPractice", "DesignPatternPractice\DesignPatternPractice.csproj", "{71736EB0-3807-42FF-8D59-F69D763CFBDF}"
EndProject
Project("{FAE04EC0-301F-11D3-BF4B-00C04F79EFBC}") = "DesignPatternExample", "DesignPatternExample\DesignPatternExample.csproj", "{6F646162-EC35-4D38-BC3D-71CE38357A2B}"
EndProject
Global
	GlobalSection(SolutionConfigurationPlatforms) = preSolution
		Debug|Any CPU = Debug|Any CPU
		Release|Any CPU = Release|Any CPU
	EndGlobalSection
	GlobalSection(ProjectConfigurationPlatforms) = postSolution
		{71736EB0-3807-42FF-8D59-F69D763CFBDF}.Debug|Any CPU.ActiveCfg = Debug|Any CPU
		{71736EB0-3807-42FF-8D59-F69D763CFBDF}.Debug|Any CPU.Build.0 = Debug|Any CPU
		{71736EB0-3807-42FF-8D59-F69D763CFBDF}.Release|Any CPU.ActiveCfg = Release|Any CPU
		{71736EB0-3807-42FF-8D59-F69D763CFBDF}.Release|Any CPU.Build.0 = Release|Any CPU
		{6F646162-EC35-4D38-BC3D-71CE38357A2B}.Debug|Any CPU.ActiveCfg = Debug|Any CPU
		{6F646162-EC35-4D38-BC3D-71CE38357A2B}.Debug|Any CPU.Build.0 = Debug|Any CPU
		{6F646162-EC35-4D38-BC3D-71CE38357A2B}.Release|Any CPU.ActiveCfg = Release|Any CPU
		{6F646162-EC35-4D38-BC3D-71CE38357A2B}.Release|Any CPU.Build.0 = Release|Any CPU
	EndGlobalSection
	GlobalSection(SolutionProperties) = preSolution
		HideSolutionNode = FALSE
	EndGlobalSection
	GlobalSection(ExtensibilityGlobals) = postSolution
		SolutionGuid = {4F8FCFDB-A236-4F25-AC7D-A531D9A6B66F}
	EndGlobalSection
EndGlobal
